
Microsoft Visual Studio Solution File, Format Version 12.00
# Visual Studio 14
VisualStudioVersion = 14.0.25420.1
MinimumVisualStudioVersion = 10.0.40219.1
Project("{2150E333-8FDC-42A3-9474-1A3956D46DE8}") = "Solution Items", "Solution Items", "{CBF710D4-4742-4F96-AD2B-2DCBB9B88856}"
	ProjectSection(SolutionItems) = preProject
		..\.gitignore = ..\.gitignore
		README.md = README.md
	EndProjectSection
EndProject
Project("{FAE04EC0-301F-11D3-BF4B-00C04F79EFBC}") = "AbsenceManagement.Domain", "Backend\Domain\AbsenceManagement.Domain\AbsenceManagement.Domain.csproj", "{64836C38-2BEB-450C-8D9E-E9DF6EEE6B13}"
EndProject
Project("{2150E333-8FDC-42A3-9474-1A3956D46DE8}") = "Backend", "Backend", "{11595640-4365-472A-9C69-F57030F0A7AA}"
EndProject
Project("{2150E333-8FDC-42A3-9474-1A3956D46DE8}") = "Domain", "Domain", "{BC63B83B-7F5F-4FE5-95B0-CDEE580241DC}"
EndProject
Project("{FAE04EC0-301F-11D3-BF4B-00C04F79EFBC}") = "AbsenceManagement.Domain.Tests", "Backend\Domain\AbsenceManagement.Domain.Tests\AbsenceManagement.Domain.Tests.csproj", "{DA0F7BE1-AC9D-4D31-997E-6EA388DD6064}"
EndProject
Project("{2150E333-8FDC-42A3-9474-1A3956D46DE8}") = "Data", "Data", "{38739D65-FE3D-45A4-9732-BC283DFDD0D9}"
EndProject
Project("{FAE04EC0-301F-11D3-BF4B-00C04F79EFBC}") = "AbsenceManagement.Data.EF", "Backend\Data\AbsenceManagement.Data.EF\AbsenceManagement.Data.EF.csproj", "{44D1A28C-89B5-4C92-95C5-36883C4240C7}"
EndProject
Project("{FAE04EC0-301F-11D3-BF4B-00C04F79EFBC}") = "AbsenceManagement.Domain.Infrastructure", "Backend\Domain\AbsenceManagement.Domain.Infrastructure\AbsenceManagement.Domain.Infrastructure.csproj", "{0FE42B3F-4979-4B9C-BDA1-74BDDEF170E3}"
EndProject
Project("{FAE04EC0-301F-11D3-BF4B-00C04F79EFBC}") = "AbsenceManagement.ConsoleUi", "Frontend\AbsenceManagement.ConsoleUi\AbsenceManagement.ConsoleUi.csproj", "{B8034BF1-609F-4A31-A878-2FCAB1689E66}"
EndProject
Project("{2150E333-8FDC-42A3-9474-1A3956D46DE8}") = "Frontend", "Frontend", "{EFDBC95E-41EB-452B-BEC2-A4F1E3A04D23}"
EndProject
Project("{FAE04EC0-301F-11D3-BF4B-00C04F79EFBC}") = "AbsenceManagement.Data", "Backend\Data\AbsenceManagement.Data\AbsenceManagement.Data.csproj", "{93CBD8E5-74F8-472F-9A48-958101B2D45F}"
EndProject
Project("{FAE04EC0-301F-11D3-BF4B-00C04F79EFBC}") = "AbsenceManagement.Data.EF.Infrastructure", "Backend\Data\AbsenceManagement.Data.EF.Infrastructure\AbsenceManagement.Data.EF.Infrastructure.csproj", "{41901A23-5341-4C64-9C38-36288AD7F6DD}"
EndProject
Project("{FAE04EC0-301F-11D3-BF4B-00C04F79EFBC}") = "AbsenceManagement.Data.EF.Tests", "Backend\Data\AbsenceManagement.Data.EF.Tests\AbsenceManagement.Data.EF.Tests.csproj", "{CFD4A944-20D7-46F1-9210-45688FAD8181}"
EndProject
Global
	GlobalSection(SolutionConfigurationPlatforms) = preSolution
		Debug|Any CPU = Debug|Any CPU
		Release|Any CPU = Release|Any CPU
	EndGlobalSection
	GlobalSection(ProjectConfigurationPlatforms) = postSolution
		{64836C38-2BEB-450C-8D9E-E9DF6EEE6B13}.Debug|Any CPU.ActiveCfg = Debug|Any CPU
		{64836C38-2BEB-450C-8D9E-E9DF6EEE6B13}.Debug|Any CPU.Build.0 = Debug|Any CPU
		{64836C38-2BEB-450C-8D9E-E9DF6EEE6B13}.Release|Any CPU.ActiveCfg = Release|Any CPU
		{64836C38-2BEB-450C-8D9E-E9DF6EEE6B13}.Release|Any CPU.Build.0 = Release|Any CPU
		{DA0F7BE1-AC9D-4D31-997E-6EA388DD6064}.Debug|Any CPU.ActiveCfg = Debug|Any CPU
		{DA0F7BE1-AC9D-4D31-997E-6EA388DD6064}.Debug|Any CPU.Build.0 = Debug|Any CPU
		{DA0F7BE1-AC9D-4D31-997E-6EA388DD6064}.Release|Any CPU.ActiveCfg = Release|Any CPU
		{DA0F7BE1-AC9D-4D31-997E-6EA388DD6064}.Release|Any CPU.Build.0 = Release|Any CPU
		{44D1A28C-89B5-4C92-95C5-36883C4240C7}.Debug|Any CPU.ActiveCfg = Debug|Any CPU
		{44D1A28C-89B5-4C92-95C5-36883C4240C7}.Debug|Any CPU.Build.0 = Debug|Any CPU
		{44D1A28C-89B5-4C92-95C5-36883C4240C7}.Release|Any CPU.ActiveCfg = Release|Any CPU
		{44D1A28C-89B5-4C92-95C5-36883C4240C7}.Release|Any CPU.Build.0 = Release|Any CPU
		{0FE42B3F-4979-4B9C-BDA1-74BDDEF170E3}.Debug|Any CPU.ActiveCfg = Debug|Any CPU
		{0FE42B3F-4979-4B9C-BDA1-74BDDEF170E3}.Debug|Any CPU.Build.0 = Debug|Any CPU
		{0FE42B3F-4979-4B9C-BDA1-74BDDEF170E3}.Release|Any CPU.ActiveCfg = Release|Any CPU
		{0FE42B3F-4979-4B9C-BDA1-74BDDEF170E3}.Release|Any CPU.Build.0 = Release|Any CPU
		{B8034BF1-609F-4A31-A878-2FCAB1689E66}.Debug|Any CPU.ActiveCfg = Debug|Any CPU
		{B8034BF1-609F-4A31-A878-2FCAB1689E66}.Debug|Any CPU.Build.0 = Debug|Any CPU
		{B8034BF1-609F-4A31-A878-2FCAB1689E66}.Release|Any CPU.ActiveCfg = Release|Any CPU
		{B8034BF1-609F-4A31-A878-2FCAB1689E66}.Release|Any CPU.Build.0 = Release|Any CPU
		{93CBD8E5-74F8-472F-9A48-958101B2D45F}.Debug|Any CPU.ActiveCfg = Debug|Any CPU
		{93CBD8E5-74F8-472F-9A48-958101B2D45F}.Debug|Any CPU.Build.0 = Debug|Any CPU
		{93CBD8E5-74F8-472F-9A48-958101B2D45F}.Release|Any CPU.ActiveCfg = Release|Any CPU
		{93CBD8E5-74F8-472F-9A48-958101B2D45F}.Release|Any CPU.Build.0 = Release|Any CPU
		{41901A23-5341-4C64-9C38-36288AD7F6DD}.Debug|Any CPU.ActiveCfg = Debug|Any CPU
		{41901A23-5341-4C64-9C38-36288AD7F6DD}.Debug|Any CPU.Build.0 = Debug|Any CPU
		{41901A23-5341-4C64-9C38-36288AD7F6DD}.Release|Any CPU.ActiveCfg = Release|Any CPU
		{41901A23-5341-4C64-9C38-36288AD7F6DD}.Release|Any CPU.Build.0 = Release|Any CPU
		{CFD4A944-20D7-46F1-9210-45688FAD8181}.Debug|Any CPU.ActiveCfg = Debug|Any CPU
		{CFD4A944-20D7-46F1-9210-45688FAD8181}.Debug|Any CPU.Build.0 = Debug|Any CPU
		{CFD4A944-20D7-46F1-9210-45688FAD8181}.Release|Any CPU.ActiveCfg = Release|Any CPU
		{CFD4A944-20D7-46F1-9210-45688FAD8181}.Release|Any CPU.Build.0 = Release|Any CPU
	EndGlobalSection
	GlobalSection(SolutionProperties) = preSolution
		HideSolutionNode = FALSE
	EndGlobalSection
	GlobalSection(NestedProjects) = preSolution
		{64836C38-2BEB-450C-8D9E-E9DF6EEE6B13} = {BC63B83B-7F5F-4FE5-95B0-CDEE580241DC}
		{BC63B83B-7F5F-4FE5-95B0-CDEE580241DC} = {11595640-4365-472A-9C69-F57030F0A7AA}
		{DA0F7BE1-AC9D-4D31-997E-6EA388DD6064} = {BC63B83B-7F5F-4FE5-95B0-CDEE580241DC}
		{38739D65-FE3D-45A4-9732-BC283DFDD0D9} = {11595640-4365-472A-9C69-F57030F0A7AA}
		{44D1A28C-89B5-4C92-95C5-36883C4240C7} = {38739D65-FE3D-45A4-9732-BC283DFDD0D9}
		{0FE42B3F-4979-4B9C-BDA1-74BDDEF170E3} = {BC63B83B-7F5F-4FE5-95B0-CDEE580241DC}
		{B8034BF1-609F-4A31-A878-2FCAB1689E66} = {EFDBC95E-41EB-452B-BEC2-A4F1E3A04D23}
		{93CBD8E5-74F8-472F-9A48-958101B2D45F} = {38739D65-FE3D-45A4-9732-BC283DFDD0D9}
		{41901A23-5341-4C64-9C38-36288AD7F6DD} = {38739D65-FE3D-45A4-9732-BC283DFDD0D9}
		{CFD4A944-20D7-46F1-9210-45688FAD8181} = {38739D65-FE3D-45A4-9732-BC283DFDD0D9}
	EndGlobalSection
EndGlobal
